
Microsoft Visual Studio Solution File, Format Version 12.00
# Visual Studio Version 17
VisualStudioVersion = 17.10.34928.147
MinimumVisualStudioVersion = 10.0.40219.1
Project("{FAE04EC0-301F-11D3-BF4B-00C04F79EFBC}") = "desafio", "desafio\desafio.csproj", "{92CAF107-1F53-4E7C-AA37-2CEF0D932AD4}"
EndProject
Global
	GlobalSection(SolutionConfigurationPlatforms) = preSolution
		Debug|Any CPU = Debug|Any CPU
		Release|Any CPU = Release|Any CPU
	EndGlobalSection
	GlobalSection(ProjectConfigurationPlatforms) = postSolution
		{92CAF107-1F53-4E7C-AA37-2CEF0D932AD4}.Debug|Any CPU.ActiveCfg = Debug|Any CPU
		{92CAF107-1F53-4E7C-AA37-2CEF0D932AD4}.Debug|Any CPU.Build.0 = Debug|Any CPU
		{92CAF107-1F53-4E7C-AA37-2CEF0D932AD4}.Release|Any CPU.ActiveCfg = Release|Any CPU
		{92CAF107-1F53-4E7C-AA37-2CEF0D932AD4}.Release|Any CPU.Build.0 = Release|Any CPU
	EndGlobalSection
	GlobalSection(SolutionProperties) = preSolution
		HideSolutionNode = FALSE
	EndGlobalSection
	GlobalSection(ExtensibilityGlobals) = postSolution
		SolutionGuid = {FD60E870-9FD8-4B42-8BFC-7F53A48D7B6D}
	EndGlobalSection
EndGlobal
